// !$*UTF8*$!
{
	archiveVersion = 1;
	classes = {
	};
	objectVersion = 50;
	objects = {

/* Begin PBXBuildFile section */
		AD19438C2090AA5000C8F93E /* Employee.swift in Sources */ = {isa = PBXBuildFile; fileRef = AD19438B2090AA5000C8F93E /* Employee.swift */; };
		AD2402BA20C00976009E99F7 /* index.html in Resources */ = {isa = PBXBuildFile; fileRef = AD2402B920C00976009E99F7 /* index.html */; };
		AD2402BC20C009AB009E99F7 /* ReportComposer.swift in Sources */ = {isa = PBXBuildFile; fileRef = AD2402BB20C009AB009E99F7 /* ReportComposer.swift */; };
		AD2402BE20C00A53009E99F7 /* PreviewViewController.swift in Sources */ = {isa = PBXBuildFile; fileRef = AD2402BD20C00A53009E99F7 /* PreviewViewController.swift */; };
		AD2402C220C0478E009E99F7 /* single_item.html in Resources */ = {isa = PBXBuildFile; fileRef = AD2402C120C0478E009E99F7 /* single_item.html */; };
		AD322816208F410500BA179A /* AppDelegate.swift in Sources */ = {isa = PBXBuildFile; fileRef = AD322815208F410500BA179A /* AppDelegate.swift */; };
		AD322818208F410500BA179A /* ViewController.swift in Sources */ = {isa = PBXBuildFile; fileRef = AD322817208F410500BA179A /* ViewController.swift */; };
		AD32281B208F410500BA179A /* Main.storyboard in Resources */ = {isa = PBXBuildFile; fileRef = AD322819208F410500BA179A /* Main.storyboard */; };
		AD32281D208F410E00BA179A /* Assets.xcassets in Resources */ = {isa = PBXBuildFile; fileRef = AD32281C208F410E00BA179A /* Assets.xcassets */; };
		AD322820208F410E00BA179A /* LaunchScreen.storyboard in Resources */ = {isa = PBXBuildFile; fileRef = AD32281E208F410E00BA179A /* LaunchScreen.storyboard */; };
		AD322828208F42F700BA179A /* CustomCollectionViewCell.swift in Sources */ = {isa = PBXBuildFile; fileRef = AD322827208F42F700BA179A /* CustomCollectionViewCell.swift */; };
		AD32282C208F5B5100BA179A /* SignInViewController.swift in Sources */ = {isa = PBXBuildFile; fileRef = AD32282B208F5B5100BA179A /* SignInViewController.swift */; };
		AD8E97702091D08900417E24 /* Employees.plist in Resources */ = {isa = PBXBuildFile; fileRef = AD8E976F2091D08900417E24 /* Employees.plist */; };
		ADA62C4920C6C6910063F9E1 /* AttitudeTech.png in Resources */ = {isa = PBXBuildFile; fileRef = ADA62C4820C6C6910063F9E1 /* AttitudeTech.png */; };
		ADB7050920C947C800606B30 /* CustomPrintPageRenderer.swift in Sources */ = {isa = PBXBuildFile; fileRef = ADB7050820C947C800606B30 /* CustomPrintPageRenderer.swift */; };
		AF97984E089F2F474D0913D7 /* Pods_AttendanceApp.framework in Frameworks */ = {isa = PBXBuildFile; fileRef = A02AB12135B9E9B05D576BAD /* Pods_AttendanceApp.framework */; };
/* End PBXBuildFile section */

/* Begin PBXFileReference section */
		2EC5ED7CA8306F772C276757 /* Pods-AttendanceApp.release.xcconfig */ = {isa = PBXFileReference; includeInIndex = 1; lastKnownFileType = text.xcconfig; name = "Pods-AttendanceApp.release.xcconfig"; path = "Pods/Target Support Files/Pods-AttendanceApp/Pods-AttendanceApp.release.xcconfig"; sourceTree = "<group>"; };
		A02AB12135B9E9B05D576BAD /* Pods_AttendanceApp.framework */ = {isa = PBXFileReference; explicitFileType = wrapper.framework; includeInIndex = 0; path = Pods_AttendanceApp.framework; sourceTree = BUILT_PRODUCTS_DIR; };
		A8BE6BE80B29CDF14C11D850 /* Pods-AttendanceApp.debug.xcconfig */ = {isa = PBXFileReference; includeInIndex = 1; lastKnownFileType = text.xcconfig; name = "Pods-AttendanceApp.debug.xcconfig"; path = "Pods/Target Support Files/Pods-AttendanceApp/Pods-AttendanceApp.debug.xcconfig"; sourceTree = "<group>"; };
		AD19438B2090AA5000C8F93E /* Employee.swift */ = {isa = PBXFileReference; lastKnownFileType = sourcecode.swift; path = Employee.swift; sourceTree = "<group>"; };
		AD2402B920C00976009E99F7 /* index.html */ = {isa = PBXFileReference; lastKnownFileType = text.html; path = index.html; sourceTree = "<group>"; };
		AD2402BB20C009AB009E99F7 /* ReportComposer.swift */ = {isa = PBXFileReference; lastKnownFileType = sourcecode.swift; path = ReportComposer.swift; sourceTree = "<group>"; };
		AD2402BD20C00A53009E99F7 /* PreviewViewController.swift */ = {isa = PBXFileReference; lastKnownFileType = sourcecode.swift; path = PreviewViewController.swift; sourceTree = "<group>"; };
		AD2402C120C0478E009E99F7 /* single_item.html */ = {isa = PBXFileReference; lastKnownFileType = text.html; path = single_item.html; sourceTree = "<group>"; };
		AD322812208F410500BA179A /* AttendanceApp.app */ = {isa = PBXFileReference; explicitFileType = wrapper.application; includeInIndex = 0; path = AttendanceApp.app; sourceTree = BUILT_PRODUCTS_DIR; };
		AD322815208F410500BA179A /* AppDelegate.swift */ = {isa = PBXFileReference; lastKnownFileType = sourcecode.swift; path = AppDelegate.swift; sourceTree = "<group>"; };
		AD322817208F410500BA179A /* ViewController.swift */ = {isa = PBXFileReference; lastKnownFileType = sourcecode.swift; path = ViewController.swift; sourceTree = "<group>"; };
		AD32281A208F410500BA179A /* Base */ = {isa = PBXFileReference; lastKnownFileType = file.storyboard; name = Base; path = Base.lproj/Main.storyboard; sourceTree = "<group>"; };
		AD32281C208F410E00BA179A /* Assets.xcassets */ = {isa = PBXFileReference; lastKnownFileType = folder.assetcatalog; path = Assets.xcassets; sourceTree = "<group>"; };
		AD32281F208F410E00BA179A /* Base */ = {isa = PBXFileReference; lastKnownFileType = file.storyboard; name = Base; path = Base.lproj/LaunchScreen.storyboard; sourceTree = "<group>"; };
		AD322821208F410E00BA179A /* Info.plist */ = {isa = PBXFileReference; lastKnownFileType = text.plist.xml; path = Info.plist; sourceTree = "<group>"; };
		AD322827208F42F700BA179A /* CustomCollectionViewCell.swift */ = {isa = PBXFileReference; lastKnownFileType = sourcecode.swift; path = CustomCollectionViewCell.swift; sourceTree = "<group>"; };
		AD32282B208F5B5100BA179A /* SignInViewController.swift */ = {isa = PBXFileReference; lastKnownFileType = sourcecode.swift; path = SignInViewController.swift; sourceTree = "<group>"; };
		AD8E976F2091D08900417E24 /* Employees.plist */ = {isa = PBXFileReference; lastKnownFileType = text.plist.xml; path = Employees.plist; sourceTree = "<group>"; };
		ADA62C4820C6C6910063F9E1 /* AttitudeTech.png */ = {isa = PBXFileReference; lastKnownFileType = image.png; path = AttitudeTech.png; sourceTree = "<group>"; };
		ADB7050820C947C800606B30 /* CustomPrintPageRenderer.swift */ = {isa = PBXFileReference; lastKnownFileType = sourcecode.swift; path = CustomPrintPageRenderer.swift; sourceTree = "<group>"; };
/* End PBXFileReference section */

/* Begin PBXFrameworksBuildPhase section */
		AD32280F208F410500BA179A /* Frameworks */ = {
			isa = PBXFrameworksBuildPhase;
			buildActionMask = 2147483647;
			files = (
				AF97984E089F2F474D0913D7 /* Pods_AttendanceApp.framework in Frameworks */,
			);
			runOnlyForDeploymentPostprocessing = 0;
		};
/* End PBXFrameworksBuildPhase section */

/* Begin PBXGroup section */
		7ACCE3FB663AAA0ED1D0C0D3 /* Frameworks */ = {
			isa = PBXGroup;
			children = (
				A02AB12135B9E9B05D576BAD /* Pods_AttendanceApp.framework */,
			);
			name = Frameworks;
			sourceTree = "<group>";
		};
		AD19438A209094FE00C8F93E /* Model */ = {
			isa = PBXGroup;
			children = (
				AD19438B2090AA5000C8F93E /* Employee.swift */,
			);
			path = Model;
			sourceTree = "<group>";
		};
		AD19438D2090AAFD00C8F93E /* Controller */ = {
			isa = PBXGroup;
			children = (
				AD322817208F410500BA179A /* ViewController.swift */,
				ADB7050820C947C800606B30 /* CustomPrintPageRenderer.swift */,
				AD322827208F42F700BA179A /* CustomCollectionViewCell.swift */,
				AD2402BB20C009AB009E99F7 /* ReportComposer.swift */,
				AD2402BD20C00A53009E99F7 /* PreviewViewController.swift */,
				AD32282B208F5B5100BA179A /* SignInViewController.swift */,
				AD322815208F410500BA179A /* AppDelegate.swift */,
			);
			path = Controller;
			sourceTree = "<group>";
		};
		AD19438E2090AB1C00C8F93E /* View */ = {
			isa = PBXGroup;
			children = (
				AD32281C208F410E00BA179A /* Assets.xcassets */,
				AD322819208F410500BA179A /* Main.storyboard */,
			);
			path = View;
			sourceTree = "<group>";
		};
		AD2402B820C007B2009E99F7 /* XMLTemplates */ = {
			isa = PBXGroup;
			children = (
				AD2402B920C00976009E99F7 /* index.html */,
				ADA62C4820C6C6910063F9E1 /* AttitudeTech.png */,
				AD2402C120C0478E009E99F7 /* single_item.html */,
			);
			path = XMLTemplates;
			sourceTree = "<group>";
		};
		AD322809208F410500BA179A = {
			isa = PBXGroup;
			children = (
				AD322814208F410500BA179A /* AttendanceApp */,
				AD322813208F410500BA179A /* Products */,
				B61967F5CF3D2F82EA20C203 /* Pods */,
				7ACCE3FB663AAA0ED1D0C0D3 /* Frameworks */,
			);
			sourceTree = "<group>";
		};
		AD322813208F410500BA179A /* Products */ = {
			isa = PBXGroup;
			children = (
				AD322812208F410500BA179A /* AttendanceApp.app */,
			);
			name = Products;
			sourceTree = "<group>";
		};
		AD322814208F410500BA179A /* AttendanceApp */ = {
			isa = PBXGroup;
			children = (
				AD2402B820C007B2009E99F7 /* XMLTemplates */,
				AD8E976E2091D05B00417E24 /* Resources */,
				AD19438E2090AB1C00C8F93E /* View */,
				AD19438D2090AAFD00C8F93E /* Controller */,
				AD19438A209094FE00C8F93E /* Model */,
				AD322821208F410E00BA179A /* Info.plist */,
				AD32281E208F410E00BA179A /* LaunchScreen.storyboard */,
			);
			path = AttendanceApp;
			sourceTree = "<group>";
		};
		AD8E976E2091D05B00417E24 /* Resources */ = {
			isa = PBXGroup;
			children = (
				AD8E976F2091D08900417E24 /* Employees.plist */,
			);
			path = Resources;
			sourceTree = "<group>";
		};
		B61967F5CF3D2F82EA20C203 /* Pods */ = {
			isa = PBXGroup;
			children = (
				A8BE6BE80B29CDF14C11D850 /* Pods-AttendanceApp.debug.xcconfig */,
				2EC5ED7CA8306F772C276757 /* Pods-AttendanceApp.release.xcconfig */,
			);
			name = Pods;
			sourceTree = "<group>";
		};
/* End PBXGroup section */

/* Begin PBXNativeTarget section */
		AD322811208F410500BA179A /* AttendanceApp */ = {
			isa = PBXNativeTarget;
			buildConfigurationList = AD322824208F410E00BA179A /* Build configuration list for PBXNativeTarget "AttendanceApp" */;
			buildPhases = (
				160ADF307FCC40DE941C8962 /* [CP] Check Pods Manifest.lock */,
				AD32280E208F410500BA179A /* Sources */,
				AD32280F208F410500BA179A /* Frameworks */,
				AD322810208F410500BA179A /* Resources */,
				BA020DAA9E7458B498E643EE /* [CP] Embed Pods Frameworks */,
			);
			buildRules = (
			);
			dependencies = (
			);
			name = AttendanceApp;
			productName = AttendanceApp;
			productReference = AD322812208F410500BA179A /* AttendanceApp.app */;
			productType = "com.apple.product-type.application";
		};
/* End PBXNativeTarget section */

/* Begin PBXProject section */
		AD32280A208F410500BA179A /* Project object */ = {
			isa = PBXProject;
			attributes = {
				LastSwiftUpdateCheck = 0930;
				LastUpgradeCheck = 0930;
				ORGANIZATIONNAME = "Ziyun He";
				TargetAttributes = {
					AD322811208F410500BA179A = {
						CreatedOnToolsVersion = 9.3;
					};
				};
			};
			buildConfigurationList = AD32280D208F410500BA179A /* Build configuration list for PBXProject "AttendanceApp" */;
			compatibilityVersion = "Xcode 9.3";
			developmentRegion = en;
			hasScannedForEncodings = 0;
			knownRegions = (
				en,
				Base,
			);
			mainGroup = AD322809208F410500BA179A;
			productRefGroup = AD322813208F410500BA179A /* Products */;
			projectDirPath = "";
			projectRoot = "";
			targets = (
				AD322811208F410500BA179A /* AttendanceApp */,
			);
		};
/* End PBXProject section */

/* Begin PBXResourcesBuildPhase section */
		AD322810208F410500BA179A /* Resources */ = {
			isa = PBXResourcesBuildPhase;
			buildActionMask = 2147483647;
			files = (
				AD2402BA20C00976009E99F7 /* index.html in Resources */,
				ADA62C4920C6C6910063F9E1 /* AttitudeTech.png in Resources */,
				AD8E97702091D08900417E24 /* Employees.plist in Resources */,
				AD322820208F410E00BA179A /* LaunchScreen.storyboard in Resources */,
				AD32281D208F410E00BA179A /* Assets.xcassets in Resources */,
				AD32281B208F410500BA179A /* Main.storyboard in Resources */,
				AD2402C220C0478E009E99F7 /* single_item.html in Resources */,
			);
			runOnlyForDeploymentPostprocessing = 0;
		};
/* End PBXResourcesBuildPhase section */

/* Begin PBXShellScriptBuildPhase section */
		160ADF307FCC40DE941C8962 /* [CP] Check Pods Manifest.lock */ = {
			isa = PBXShellScriptBuildPhase;
			buildActionMask = 2147483647;
			files = (
			);
			inputPaths = (
				"${PODS_PODFILE_DIR_PATH}/Podfile.lock",
				"${PODS_ROOT}/Manifest.lock",
			);
			name = "[CP] Check Pods Manifest.lock";
			outputPaths = (
				"$(DERIVED_FILE_DIR)/Pods-AttendanceApp-checkManifestLockResult.txt",
			);
			runOnlyForDeploymentPostprocessing = 0;
			shellPath = /bin/sh;
			shellScript = "diff \"${PODS_PODFILE_DIR_PATH}/Podfile.lock\" \"${PODS_ROOT}/Manifest.lock\" > /dev/null\nif [ $? != 0 ] ; then\n    # print error to STDERR\n    echo \"error: The sandbox is not in sync with the Podfile.lock. Run 'pod install' or update your CocoaPods installation.\" >&2\n    exit 1\nfi\n# This output is used by Xcode 'outputs' to avoid re-running this script phase.\necho \"SUCCESS\" > \"${SCRIPT_OUTPUT_FILE_0}\"\n";
			showEnvVarsInLog = 0;
		};
		BA020DAA9E7458B498E643EE /* [CP] Embed Pods Frameworks */ = {
			isa = PBXShellScriptBuildPhase;
			buildActionMask = 2147483647;
			files = (
			);
			inputPaths = (
				"${SRCROOT}/Pods/Target Support Files/Pods-AttendanceApp/Pods-AttendanceApp-frameworks.sh",
				"${BUILT_PRODUCTS_DIR}/Alamofire/Alamofire.framework",
				"${BUILT_PRODUCTS_DIR}/SwiftyDropbox/SwiftyDropbox.framework",
				"${BUILT_PRODUCTS_DIR}/TouchDraw/TouchDraw.framework",
			);
			name = "[CP] Embed Pods Frameworks";
			outputPaths = (
				"${TARGET_BUILD_DIR}/${FRAMEWORKS_FOLDER_PATH}/Alamofire.framework",
				"${TARGET_BUILD_DIR}/${FRAMEWORKS_FOLDER_PATH}/SwiftyDropbox.framework",
				"${TARGET_BUILD_DIR}/${FRAMEWORKS_FOLDER_PATH}/TouchDraw.framework",
			);
			runOnlyForDeploymentPostprocessing = 0;
			shellPath = /bin/sh;
			shellScript = "\"${SRCROOT}/Pods/Target Support Files/Pods-AttendanceApp/Pods-AttendanceApp-frameworks.sh\"\n";
			showEnvVarsInLog = 0;
		};
/* End PBXShellScriptBuildPhase section */

/* Begin PBXSourcesBuildPhase section */
		AD32280E208F410500BA179A /* Sources */ = {
			isa = PBXSourcesBuildPhase;
			buildActionMask = 2147483647;
			files = (
				AD32282C208F5B5100BA179A /* SignInViewController.swift in Sources */,
				AD322818208F410500BA179A /* ViewController.swift in Sources */,
				AD2402BE20C00A53009E99F7 /* PreviewViewController.swift in Sources */,
				AD322828208F42F700BA179A /* CustomCollectionViewCell.swift in Sources */,
				ADB7050920C947C800606B30 /* CustomPrintPageRenderer.swift in Sources */,
				AD19438C2090AA5000C8F93E /* Employee.swift in Sources */,
				AD322816208F410500BA179A /* AppDelegate.swift in Sources */,
				AD2402BC20C009AB009E99F7 /* ReportComposer.swift in Sources */,
			);
			runOnlyForDeploymentPostprocessing = 0;
		};
/* End PBXSourcesBuildPhase section */

/* Begin PBXVariantGroup section */
		AD322819208F410500BA179A /* Main.storyboard */ = {
			isa = PBXVariantGroup;
			children = (
				AD32281A208F410500BA179A /* Base */,
			);
			name = Main.storyboard;
			sourceTree = "<group>";
		};
		AD32281E208F410E00BA179A /* LaunchScreen.storyboard */ = {
			isa = PBXVariantGroup;
			children = (
				AD32281F208F410E00BA179A /* Base */,
			);
			name = LaunchScreen.storyboard;
			sourceTree = "<group>";
		};
/* End PBXVariantGroup section */

/* Begin XCBuildConfiguration section */
		AD322822208F410E00BA179A /* Debug */ = {
			isa = XCBuildConfiguration;
			buildSettings = {
				ALWAYS_SEARCH_USER_PATHS = NO;
				CLANG_ANALYZER_NONNULL = YES;
				CLANG_ANALYZER_NUMBER_OBJECT_CONVERSION = YES_AGGRESSIVE;
				CLANG_CXX_LANGUAGE_STANDARD = "gnu++14";
				CLANG_CXX_LIBRARY = "libc++";
				CLANG_ENABLE_MODULES = YES;
				CLANG_ENABLE_OBJC_ARC = YES;
				CLANG_ENABLE_OBJC_WEAK = YES;
				CLANG_WARN_BLOCK_CAPTURE_AUTORELEASING = YES;
				CLANG_WARN_BOOL_CONVERSION = YES;
				CLANG_WARN_COMMA = YES;
				CLANG_WARN_CONSTANT_CONVERSION = YES;
				CLANG_WARN_DEPRECATED_OBJC_IMPLEMENTATIONS = YES;
				CLANG_WARN_DIRECT_OBJC_ISA_USAGE = YES_ERROR;
				CLANG_WARN_DOCUMENTATION_COMMENTS = YES;
				CLANG_WARN_EMPTY_BODY = YES;
				CLANG_WARN_ENUM_CONVERSION = YES;
				CLANG_WARN_INFINITE_RECURSION = YES;
				CLANG_WARN_INT_CONVERSION = YES;
				CLANG_WARN_NON_LITERAL_NULL_CONVERSION = YES;
				CLANG_WARN_OBJC_IMPLICIT_RETAIN_SELF = YES;
				CLANG_WARN_OBJC_LITERAL_CONVERSION = YES;
				CLANG_WARN_OBJC_ROOT_CLASS = YES_ERROR;
				CLANG_WARN_RANGE_LOOP_ANALYSIS = YES;
				CLANG_WARN_STRICT_PROTOTYPES = YES;
				CLANG_WARN_SUSPICIOUS_MOVE = YES;
				CLANG_WARN_UNGUARDED_AVAILABILITY = YES_AGGRESSIVE;
				CLANG_WARN_UNREACHABLE_CODE = YES;
				CLANG_WARN__DUPLICATE_METHOD_MATCH = YES;
				CODE_SIGN_IDENTITY = "iPhone Developer";
				COPY_PHASE_STRIP = NO;
				DEBUG_INFORMATION_FORMAT = dwarf;
				ENABLE_STRICT_OBJC_MSGSEND = YES;
				ENABLE_TESTABILITY = YES;
				GCC_C_LANGUAGE_STANDARD = gnu11;
				GCC_DYNAMIC_NO_PIC = NO;
				GCC_NO_COMMON_BLOCKS = YES;
				GCC_OPTIMIZATION_LEVEL = 0;
				GCC_PREPROCESSOR_DEFINITIONS = (
					"DEBUG=1",
					"$(inherited)",
				);
				GCC_WARN_64_TO_32_BIT_CONVERSION = YES;
				GCC_WARN_ABOUT_RETURN_TYPE = YES_ERROR;
				GCC_WARN_UNDECLARED_SELECTOR = YES;
				GCC_WARN_UNINITIALIZED_AUTOS = YES_AGGRESSIVE;
				GCC_WARN_UNUSED_FUNCTION = YES;
				GCC_WARN_UNUSED_VARIABLE = YES;
				IPHONEOS_DEPLOYMENT_TARGET = 11.3;
				MTL_ENABLE_DEBUG_INFO = YES;
				ONLY_ACTIVE_ARCH = YES;
				SDKROOT = iphoneos;
				SWIFT_ACTIVE_COMPILATION_CONDITIONS = DEBUG;
				SWIFT_OPTIMIZATION_LEVEL = "-Onone";
			};
			name = Debug;
		};
		AD322823208F410E00BA179A /* Release */ = {
			isa = XCBuildConfiguration;
			buildSettings = {
				ALWAYS_SEARCH_USER_PATHS = NO;
				CLANG_ANALYZER_NONNULL = YES;
				CLANG_ANALYZER_NUMBER_OBJECT_CONVERSION = YES_AGGRESSIVE;
				CLANG_CXX_LANGUAGE_STANDARD = "gnu++14";
				CLANG_CXX_LIBRARY = "libc++";
				CLANG_ENABLE_MODULES = YES;
				CLANG_ENABLE_OBJC_ARC = YES;
				CLANG_ENABLE_OBJC_WEAK = YES;
				CLANG_WARN_BLOCK_CAPTURE_AUTORELEASING = YES;
				CLANG_WARN_BOOL_CONVERSION = YES;
				CLANG_WARN_COMMA = YES;
				CLANG_WARN_CONSTANT_CONVERSION = YES;
				CLANG_WARN_DEPRECATED_OBJC_IMPLEMENTATIONS = YES;
				CLANG_WARN_DIRECT_OBJC_ISA_USAGE = YES_ERROR;
				CLANG_WARN_DOCUMENTATION_COMMENTS = YES;
				CLANG_WARN_EMPTY_BODY = YES;
				CLANG_WARN_ENUM_CONVERSION = YES;
				CLANG_WARN_INFINITE_RECURSION = YES;
				CLANG_WARN_INT_CONVERSION = YES;
				CLANG_WARN_NON_LITERAL_NULL_CONVERSION = YES;
				CLANG_WARN_OBJC_IMPLICIT_RETAIN_SELF = YES;
				CLANG_WARN_OBJC_LITERAL_CONVERSION = YES;
				CLANG_WARN_OBJC_ROOT_CLASS = YES_ERROR;
				CLANG_WARN_RANGE_LOOP_ANALYSIS = YES;
				CLANG_WARN_STRICT_PROTOTYPES = YES;
				CLANG_WARN_SUSPICIOUS_MOVE = YES;
				CLANG_WARN_UNGUARDED_AVAILABILITY = YES_AGGRESSIVE;
				CLANG_WARN_UNREACHABLE_CODE = YES;
				CLANG_WARN__DUPLICATE_METHOD_MATCH = YES;
				CODE_SIGN_IDENTITY = "iPhone Developer";
				COPY_PHASE_STRIP = NO;
				DEBUG_INFORMATION_FORMAT = "dwarf-with-dsym";
				ENABLE_NS_ASSERTIONS = NO;
				ENABLE_STRICT_OBJC_MSGSEND = YES;
				GCC_C_LANGUAGE_STANDARD = gnu11;
				GCC_NO_COMMON_BLOCKS = YES;
				GCC_WARN_64_TO_32_BIT_CONVERSION = YES;
				GCC_WARN_ABOUT_RETURN_TYPE = YES_ERROR;
				GCC_WARN_UNDECLARED_SELECTOR = YES;
				GCC_WARN_UNINITIALIZED_AUTOS = YES_AGGRESSIVE;
				GCC_WARN_UNUSED_FUNCTION = YES;
				GCC_WARN_UNUSED_VARIABLE = YES;
				IPHONEOS_DEPLOYMENT_TARGET = 11.3;
				MTL_ENABLE_DEBUG_INFO = NO;
				SDKROOT = iphoneos;
				SWIFT_COMPILATION_MODE = wholemodule;
				SWIFT_OPTIMIZATION_LEVEL = "-O";
				VALIDATE_PRODUCT = YES;
			};
			name = Release;
		};
		AD322825208F410E00BA179A /* Debug */ = {
			isa = XCBuildConfiguration;
			baseConfigurationReference = A8BE6BE80B29CDF14C11D850 /* Pods-AttendanceApp.debug.xcconfig */;
			buildSettings = {
				ASSETCATALOG_COMPILER_APPICON_NAME = AppIcon;
				CODE_SIGN_STYLE = Automatic;
				DEVELOPMENT_TEAM = Y7324JV5ZF;
				INFOPLIST_FILE = AttendanceApp/Info.plist;
				LD_RUNPATH_SEARCH_PATHS = "$(inherited) @executable_path/Frameworks";
				PRODUCT_BUNDLE_IDENTIFIER = com.ziyunhe.AttendanceApp;
				PRODUCT_NAME = "$(TARGET_NAME)";
				SWIFT_VERSION = 4.0;
				TARGETED_DEVICE_FAMILY = "1,2";
			};
			name = Debug;
		};
		AD322826208F410E00BA179A /* Release */ = {
			isa = XCBuildConfiguration;
			baseConfigurationReference = 2EC5ED7CA8306F772C276757 /* Pods-AttendanceApp.release.xcconfig */;
			buildSettings = {
				ASSETCATALOG_COMPILER_APPICON_NAME = AppIcon;
				CODE_SIGN_STYLE = Automatic;
				DEVELOPMENT_TEAM = Y7324JV5ZF;
				INFOPLIST_FILE = AttendanceApp/Info.plist;
				LD_RUNPATH_SEARCH_PATHS = "$(inherited) @executable_path/Frameworks";
				PRODUCT_BUNDLE_IDENTIFIER = com.ziyunhe.AttendanceApp;
				PRODUCT_NAME = "$(TARGET_NAME)";
				SWIFT_VERSION = 4.0;
				TARGETED_DEVICE_FAMILY = "1,2";
			};
			name = Release;
		};
/* End XCBuildConfiguration section */

/* Begin XCConfigurationList section */
		AD32280D208F410500BA179A /* Build configuration list for PBXProject "AttendanceApp" */ = {
			isa = XCConfigurationList;
			buildConfigurations = (
				AD322822208F410E00BA179A /* Debug */,
				AD322823208F410E00BA179A /* Release */,
			);
			defaultConfigurationIsVisible = 0;
			defaultConfigurationName = Release;
		};
		AD322824208F410E00BA179A /* Build configuration list for PBXNativeTarget "AttendanceApp" */ = {
			isa = XCConfigurationList;
			buildConfigurations = (
				AD322825208F410E00BA179A /* Debug */,
				AD322826208F410E00BA179A /* Release */,
			);
			defaultConfigurationIsVisible = 0;
			defaultConfigurationName = Release;
		};
/* End XCConfigurationList section */
	};
	rootObject = AD32280A208F410500BA179A /* Project object */;
}
